
Microsoft Visual Studio Solution File, Format Version 12.00
# Visual Studio Version 16
VisualStudioVersion = 16.0.29503.13
MinimumVisualStudioVersion = 10.0.40219.1
Project("{00D1A9C2-B5F0-4AF3-8072-F6C62B433612}") = "LP.Finance.DB", "Finance.DB\LP.Finance.DB.sqlproj", "{B4F63402-0437-4D72-92A6-4E64495BFCF0}"
EndProject
Global
	GlobalSection(SolutionConfigurationPlatforms) = preSolution
		Debug|Any CPU = Debug|Any CPU
		Release|Any CPU = Release|Any CPU
	EndGlobalSection
	GlobalSection(ProjectConfigurationPlatforms) = postSolution
		{B4F63402-0437-4D72-92A6-4E64495BFCF0}.Debug|Any CPU.ActiveCfg = Debug|Any CPU
		{B4F63402-0437-4D72-92A6-4E64495BFCF0}.Debug|Any CPU.Build.0 = Debug|Any CPU
		{B4F63402-0437-4D72-92A6-4E64495BFCF0}.Debug|Any CPU.Deploy.0 = Debug|Any CPU
		{B4F63402-0437-4D72-92A6-4E64495BFCF0}.Release|Any CPU.ActiveCfg = Release|Any CPU
		{B4F63402-0437-4D72-92A6-4E64495BFCF0}.Release|Any CPU.Build.0 = Release|Any CPU
		{B4F63402-0437-4D72-92A6-4E64495BFCF0}.Release|Any CPU.Deploy.0 = Release|Any CPU
	EndGlobalSection
	GlobalSection(SolutionProperties) = preSolution
		HideSolutionNode = FALSE
	EndGlobalSection
	GlobalSection(ExtensibilityGlobals) = postSolution
		SolutionGuid = {718D2690-B201-4A48-B8DA-44BB2AC84A26}
	EndGlobalSection
EndGlobal
