
Microsoft Visual Studio Solution File, Format Version 12.00
# Visual Studio Version 16
VisualStudioVersion = 16.0.29827.131
MinimumVisualStudioVersion = 10.0.40219.1
Project("{9A19103F-16F7-4668-BE54-9A1E7A4F7556}") = "WebProxy", "WebProxy\WebProxy.csproj", "{DFD93EBF-1D56-4845-A9AF-2C997DE3CDC6}"
EndProject
Project("{FAE04EC0-301F-11D3-BF4B-00C04F79EFBC}") = "WebApplication1", "WebApplication1\WebApplication1.csproj", "{5ED2542C-7187-4641-9546-1D0A6D263A97}"
EndProject
Global
	GlobalSection(SolutionConfigurationPlatforms) = preSolution
		Debug|Any CPU = Debug|Any CPU
		Release|Any CPU = Release|Any CPU
	EndGlobalSection
	GlobalSection(ProjectConfigurationPlatforms) = postSolution
		{DFD93EBF-1D56-4845-A9AF-2C997DE3CDC6}.Debug|Any CPU.ActiveCfg = Debug|Any CPU
		{DFD93EBF-1D56-4845-A9AF-2C997DE3CDC6}.Debug|Any CPU.Build.0 = Debug|Any CPU
		{DFD93EBF-1D56-4845-A9AF-2C997DE3CDC6}.Release|Any CPU.ActiveCfg = Release|Any CPU
		{DFD93EBF-1D56-4845-A9AF-2C997DE3CDC6}.Release|Any CPU.Build.0 = Release|Any CPU
		{5ED2542C-7187-4641-9546-1D0A6D263A97}.Debug|Any CPU.ActiveCfg = Debug|Any CPU
		{5ED2542C-7187-4641-9546-1D0A6D263A97}.Debug|Any CPU.Build.0 = Debug|Any CPU
		{5ED2542C-7187-4641-9546-1D0A6D263A97}.Release|Any CPU.ActiveCfg = Release|Any CPU
		{5ED2542C-7187-4641-9546-1D0A6D263A97}.Release|Any CPU.Build.0 = Release|Any CPU
	EndGlobalSection
	GlobalSection(SolutionProperties) = preSolution
		HideSolutionNode = FALSE
	EndGlobalSection
	GlobalSection(ExtensibilityGlobals) = postSolution
		SolutionGuid = {0D478296-73E5-472B-9FD7-3CBED10CF6A0}
	EndGlobalSection
EndGlobal
